
Microsoft Visual Studio Solution File, Format Version 12.00
# Visual Studio Version 18
VisualStudioVersion = 18.0.11205.157
MinimumVisualStudioVersion = 10.0.40219.1
Project("{FAE04EC0-301F-11D3-BF4B-00C04F79EFBC}") = "LumaCore.Core", "src\LumaCore.Core\LumaCore.Core.csproj", "{3AC3DC74-2A12-01DC-94F2-4C45752D6D21}"
EndProject
Project("{FAE04EC0-301F-11D3-BF4B-00C04F79EFBC}") = "LumaCore.Api.Contracts", "src\LumaCore.Api.Contracts\LumaCore.Api.Contracts.csproj", "{A1B2C3D4-E5F6-7890-ABCD-EF1234567890}"
EndProject
Project("{FAE04EC0-301F-11D3-BF4B-00C04F79EFBC}") = "LumaCore.Api", "src\LumaCore.Api\LumaCore.Api.csproj", "{E7D88D21-AAAC-E3E9-CD24-BB7145D7FBEB}"
EndProject
Project("{FAE04EC0-301F-11D3-BF4B-00C04F79EFBC}") = "LumaCore.HealthCheck", "src\LumaCore.HealthCheck\LumaCore.HealthCheck.csproj", "{7C8F2D91-B5A4-4E3F-9D12-A1C6E8F4D2B7}"
EndProject
Project("{2150E333-8FDC-42A3-9474-1A3956D46DE8}") = "Repository Files", "Repository Files", "{02EA681E-C7D8-13C7-8484-4AC65E1B71E8}"
	ProjectSection(SolutionItems) = preProject
		.editorconfig = .editorconfig
		.gitattributes = .gitattributes
		.gitignore = .gitignore
		src\Directory.Build.props = src\Directory.Build.props
		src\Directory.Build.targets = src\Directory.Build.targets
		src\Directory.Packages.props = src\Directory.Packages.props
		Dockerfile = Dockerfile
		global.json = global.json
		LICENSE = LICENSE
		LumaCore.sln.DotSettings = LumaCore.sln.DotSettings
		Pre-Commit-Actions.ps1 = Pre-Commit-Actions.ps1
		README.md = README.md
	EndProjectSection
EndProject
Project("{2150E333-8FDC-42A3-9474-1A3956D46DE8}") = "tools", "tools", "{1D4B4646-0707-4C47-848B-9BCCB7D1436A}"
	ProjectSection(SolutionItems) = preProject
		tools\debug-sse.html = tools\debug-sse.html
	EndProjectSection
EndProject
Project("{2150E333-8FDC-42A3-9474-1A3956D46DE8}") = "build.net", "build.net", "{53DFD2C0-EFE3-45B4-9F51-1CABD34B6174}"
	ProjectSection(SolutionItems) = preProject
		build.net\.gitattributes = build.net\.gitattributes
		build.net\LICENSE = build.net\LICENSE
		build.net\README.md = build.net\README.md
		build.net\ReSharper.DotSettings = build.net\ReSharper.DotSettings
	EndProjectSection
EndProject
Project("{FAE04EC0-301F-11D3-BF4B-00C04F79EFBC}") = "LumaCore.Ui.Web", "src\LumaCore.Ui.Web\LumaCore.Ui.Web.csproj", "{3DD886D4-EFDE-476E-AD78-BE1ABE68EA48}"
EndProject
Project("{2150E333-8FDC-42A3-9474-1A3956D46DE8}") = "OpenApi", "OpenApi", "{D3C2C9BE-AF6C-44FB-B2C2-4BE20F179036}"
	ProjectSection(SolutionItems) = preProject
		build.net\OpenApi\generate-api-docs.ps1 = build.net\OpenApi\generate-api-docs.ps1
		build.net\OpenApi\generate-openapi-json.ps1 = build.net\OpenApi\generate-openapi-json.ps1
		build.net\OpenApi\README.md = build.net\OpenApi\README.md
		build.net\OpenApi\verify-api-docs.ps1 = build.net\OpenApi\verify-api-docs.ps1
	EndProjectSection
EndProject
Project("{2150E333-8FDC-42A3-9474-1A3956D46DE8}") = ".github", ".github", "{60804A8C-8209-4D63-95D2-E56A7F65B4CC}"
	ProjectSection(SolutionItems) = preProject
		.github\dependabot.yml = .github\dependabot.yml
	EndProjectSection
EndProject
Project("{2150E333-8FDC-42A3-9474-1A3956D46DE8}") = "workflows", "workflows", "{B804D941-DD50-4F4E-9F38-BC33C873A0EC}"
	ProjectSection(SolutionItems) = preProject
		.github\workflows\linux-build.yml = .github\workflows\linux-build.yml
		.github\workflows\README.md = .github\workflows\README.md
		.github\workflows\release.yml = .github\workflows\release.yml
		.github\workflows\windows-build.yml = .github\workflows\windows-build.yml
	EndProjectSection
EndProject
Project("{FAE04EC0-301F-11D3-BF4B-00C04F79EFBC}") = "Docs", "docs\Docs.csproj", "{718966AB-D840-C99F-BC8C-757012BE68AA}"
EndProject
Project("{FAE04EC0-301F-11D3-BF4B-00C04F79EFBC}") = "LumaCore.Core.Tests", "src\LumaCore.Core.Tests\LumaCore.Core.Tests.csproj", "{E12C8426-D98B-9B92-C744-502BFC69C113}"
EndProject
Global
	GlobalSection(SolutionConfigurationPlatforms) = preSolution
		Debug|Any CPU = Debug|Any CPU
		Release|Any CPU = Release|Any CPU
	EndGlobalSection
	GlobalSection(ProjectConfigurationPlatforms) = postSolution
		{3AC3DC74-2A12-01DC-94F2-4C45752D6D21}.Debug|Any CPU.ActiveCfg = Debug|Any CPU
		{3AC3DC74-2A12-01DC-94F2-4C45752D6D21}.Debug|Any CPU.Build.0 = Debug|Any CPU
		{3AC3DC74-2A12-01DC-94F2-4C45752D6D21}.Release|Any CPU.ActiveCfg = Release|Any CPU
		{3AC3DC74-2A12-01DC-94F2-4C45752D6D21}.Release|Any CPU.Build.0 = Release|Any CPU
		{A1B2C3D4-E5F6-7890-ABCD-EF1234567890}.Debug|Any CPU.ActiveCfg = Debug|Any CPU
		{A1B2C3D4-E5F6-7890-ABCD-EF1234567890}.Debug|Any CPU.Build.0 = Debug|Any CPU
		{A1B2C3D4-E5F6-7890-ABCD-EF1234567890}.Release|Any CPU.ActiveCfg = Release|Any CPU
		{A1B2C3D4-E5F6-7890-ABCD-EF1234567890}.Release|Any CPU.Build.0 = Release|Any CPU
		{E7D88D21-AAAC-E3E9-CD24-BB7145D7FBEB}.Debug|Any CPU.ActiveCfg = Debug|Any CPU
		{E7D88D21-AAAC-E3E9-CD24-BB7145D7FBEB}.Debug|Any CPU.Build.0 = Debug|Any CPU
		{E7D88D21-AAAC-E3E9-CD24-BB7145D7FBEB}.Release|Any CPU.ActiveCfg = Release|Any CPU
		{E7D88D21-AAAC-E3E9-CD24-BB7145D7FBEB}.Release|Any CPU.Build.0 = Release|Any CPU
		{7C8F2D91-B5A4-4E3F-9D12-A1C6E8F4D2B7}.Debug|Any CPU.ActiveCfg = Debug|Any CPU
		{7C8F2D91-B5A4-4E3F-9D12-A1C6E8F4D2B7}.Debug|Any CPU.Build.0 = Debug|Any CPU
		{7C8F2D91-B5A4-4E3F-9D12-A1C6E8F4D2B7}.Release|Any CPU.ActiveCfg = Release|Any CPU
		{7C8F2D91-B5A4-4E3F-9D12-A1C6E8F4D2B7}.Release|Any CPU.Build.0 = Release|Any CPU
		{3DD886D4-EFDE-476E-AD78-BE1ABE68EA48}.Debug|Any CPU.ActiveCfg = Debug|Any CPU
		{3DD886D4-EFDE-476E-AD78-BE1ABE68EA48}.Debug|Any CPU.Build.0 = Debug|Any CPU
		{3DD886D4-EFDE-476E-AD78-BE1ABE68EA48}.Release|Any CPU.ActiveCfg = Release|Any CPU
		{3DD886D4-EFDE-476E-AD78-BE1ABE68EA48}.Release|Any CPU.Build.0 = Release|Any CPU
		{718966AB-D840-C99F-BC8C-757012BE68AA}.Debug|Any CPU.ActiveCfg = Debug|Any CPU
		{718966AB-D840-C99F-BC8C-757012BE68AA}.Debug|Any CPU.Build.0 = Debug|Any CPU
		{718966AB-D840-C99F-BC8C-757012BE68AA}.Release|Any CPU.ActiveCfg = Release|Any CPU
		{718966AB-D840-C99F-BC8C-757012BE68AA}.Release|Any CPU.Build.0 = Release|Any CPU
		{E12C8426-D98B-9B92-C744-502BFC69C113}.Debug|Any CPU.ActiveCfg = Debug|Any CPU
		{E12C8426-D98B-9B92-C744-502BFC69C113}.Debug|Any CPU.Build.0 = Debug|Any CPU
		{E12C8426-D98B-9B92-C744-502BFC69C113}.Release|Any CPU.ActiveCfg = Release|Any CPU
		{E12C8426-D98B-9B92-C744-502BFC69C113}.Release|Any CPU.Build.0 = Release|Any CPU
	EndGlobalSection
	GlobalSection(SolutionProperties) = preSolution
		HideSolutionNode = FALSE
	EndGlobalSection
	GlobalSection(NestedProjects) = preSolution
		{1D4B4646-0707-4C47-848B-9BCCB7D1436A} = {02EA681E-C7D8-13C7-8484-4AC65E1B71E8}
		{D3C2C9BE-AF6C-44FB-B2C2-4BE20F179036} = {53DFD2C0-EFE3-45B4-9F51-1CABD34B6174}
		{B804D941-DD50-4F4E-9F38-BC33C873A0EC} = {60804A8C-8209-4D63-95D2-E56A7F65B4CC}
	EndGlobalSection
	GlobalSection(ExtensibilityGlobals) = postSolution
		SolutionGuid = {FF91DAF1-41D5-4766-9080-7F9DFFA42F7E}
	EndGlobalSection
EndGlobal
